{
  "name": "assignments",
  "lockfileVersion": 3,
  "requires": true,
  "packages": {
    "": {
      "dependencies": {
        "jests": "^0.0.0"
      }
    },
    "node_modules/jests": {
      "version": "0.0.0",
      "resolved": "https://registry.npmjs.org/jests/-/jests-0.0.0.tgz",
      "integrity": "sha512-ZB7zckwwRNa7QPgEYDF4HaOwEK1zD76rVD2vJIBMz/HFWyZXyUiJ8/WCPap2GVHSw+3Go+vfL4QEDX09GPNfXg=="
    }
  }
}
